
Microsoft Visual Studio Solution File, Format Version 12.00
# Visual Studio 2012
Project("{FAE04EC0-301F-11D3-BF4B-00C04F79EFBC}") = "DDDWorkshop", "DDDWorkshop\DDDWorkshop.csproj", "{2DAC3F16-7222-41DC-9246-4E04997CCC76}"
EndProject
Project("{FAE04EC0-301F-11D3-BF4B-00C04F79EFBC}") = "DDDWorkshop.Model", "DDDWorkshop.Model\DDDWorkshop.Model.csproj", "{D90EA039-97D1-4249-AC97-FB6FA92A3069}"
EndProject
Global
	GlobalSection(SolutionConfigurationPlatforms) = preSolution
		Debug|Any CPU = Debug|Any CPU
		Release|Any CPU = Release|Any CPU
	EndGlobalSection
	GlobalSection(ProjectConfigurationPlatforms) = postSolution
		{2DAC3F16-7222-41DC-9246-4E04997CCC76}.Debug|Any CPU.ActiveCfg = Debug|Any CPU
		{2DAC3F16-7222-41DC-9246-4E04997CCC76}.Debug|Any CPU.Build.0 = Debug|Any CPU
		{2DAC3F16-7222-41DC-9246-4E04997CCC76}.Release|Any CPU.ActiveCfg = Release|Any CPU
		{2DAC3F16-7222-41DC-9246-4E04997CCC76}.Release|Any CPU.Build.0 = Release|Any CPU
		{D90EA039-97D1-4249-AC97-FB6FA92A3069}.Debug|Any CPU.ActiveCfg = Debug|Any CPU
		{D90EA039-97D1-4249-AC97-FB6FA92A3069}.Debug|Any CPU.Build.0 = Debug|Any CPU
		{D90EA039-97D1-4249-AC97-FB6FA92A3069}.Release|Any CPU.ActiveCfg = Release|Any CPU
		{D90EA039-97D1-4249-AC97-FB6FA92A3069}.Release|Any CPU.Build.0 = Release|Any CPU
	EndGlobalSection
	GlobalSection(SolutionProperties) = preSolution
		HideSolutionNode = FALSE
	EndGlobalSection
EndGlobal
